
Microsoft Visual Studio Solution File, Format Version 12.00
# Visual Studio Version 17
VisualStudioVersion = 17.8.34511.84
MinimumVisualStudioVersion = 10.0.40219.1
Project("{FAE04EC0-301F-11D3-BF4B-00C04F79EFBC}") = "Librairie-Net", "Librairie-Net\Librairie-Net.csproj", "{DA1C847B-9A67-4068-AC28-D0AAF74CE553}"
EndProject
Global
	GlobalSection(SolutionConfigurationPlatforms) = preSolution
		Debug|Any CPU = Debug|Any CPU
		Release|Any CPU = Release|Any CPU
	EndGlobalSection
	GlobalSection(ProjectConfigurationPlatforms) = postSolution
		{DA1C847B-9A67-4068-AC28-D0AAF74CE553}.Debug|Any CPU.ActiveCfg = Debug|Any CPU
		{DA1C847B-9A67-4068-AC28-D0AAF74CE553}.Debug|Any CPU.Build.0 = Debug|Any CPU
		{DA1C847B-9A67-4068-AC28-D0AAF74CE553}.Release|Any CPU.ActiveCfg = Release|Any CPU
		{DA1C847B-9A67-4068-AC28-D0AAF74CE553}.Release|Any CPU.Build.0 = Release|Any CPU
	EndGlobalSection
	GlobalSection(SolutionProperties) = preSolution
		HideSolutionNode = FALSE
	EndGlobalSection
	GlobalSection(ExtensibilityGlobals) = postSolution
		SolutionGuid = {86E80755-8D82-4713-AA83-1C921114B869}
	EndGlobalSection
EndGlobal
