
Microsoft Visual Studio Solution File, Format Version 12.00
# Visual Studio Version 17
VisualStudioVersion = 17.8.34511.84
MinimumVisualStudioVersion = 10.0.40219.1
Project("{FAE04EC0-301F-11D3-BF4B-00C04F79EFBC}") = "Librairie-Net", "Librairie-Net\Librairie-Net.csproj", "{F62C6854-37DB-4075-81A4-3C2F46945EB1}"
EndProject
Global
	GlobalSection(SolutionConfigurationPlatforms) = preSolution
		Debug|Any CPU = Debug|Any CPU
		Release|Any CPU = Release|Any CPU
	EndGlobalSection
	GlobalSection(ProjectConfigurationPlatforms) = postSolution
		{F62C6854-37DB-4075-81A4-3C2F46945EB1}.Debug|Any CPU.ActiveCfg = Debug|Any CPU
		{F62C6854-37DB-4075-81A4-3C2F46945EB1}.Debug|Any CPU.Build.0 = Debug|Any CPU
		{F62C6854-37DB-4075-81A4-3C2F46945EB1}.Release|Any CPU.ActiveCfg = Release|Any CPU
		{F62C6854-37DB-4075-81A4-3C2F46945EB1}.Release|Any CPU.Build.0 = Release|Any CPU
	EndGlobalSection
	GlobalSection(SolutionProperties) = preSolution
		HideSolutionNode = FALSE
	EndGlobalSection
	GlobalSection(ExtensibilityGlobals) = postSolution
		SolutionGuid = {560AD064-7C2E-4B8D-B907-700CB3D0F583}
	EndGlobalSection
EndGlobal
